Microsoft Visual Studio Solution File, Format Version 11.00
# Visual Studio 2010
Project("{FAE04EC0-301F-11D3-BF4B-00C04F79EFBC}") = "Assembly-CSharp", "Assembly-CSharp.csproj", "{BA04A29F-69B3-1B2A-608A-CD652D237D5C}"
EndProject
Global
	GlobalSection(SolutionConfigurationPlatforms) = preSolution
		Debug|Any CPU = Debug|Any CPU
		Release|Any CPU = Release|Any CPU
	EndGlobalSection
	GlobalSection(ProjectConfigurationPlatforms) = postSolution
		{BA04A29F-69B3-1B2A-608A-CD652D237D5C}.Debug|Any CPU.ActiveCfg = Debug|Any CPU
		{BA04A29F-69B3-1B2A-608A-CD652D237D5C}.Debug|Any CPU.Build.0 = Debug|Any CPU
		{BA04A29F-69B3-1B2A-608A-CD652D237D5C}.Release|Any CPU.ActiveCfg = Release|Any CPU
		{BA04A29F-69B3-1B2A-608A-CD652D237D5C}.Release|Any CPU.Build.0 = Release|Any CPU
	EndGlobalSection
	GlobalSection(SolutionProperties) = preSolution
		HideSolutionNode = FALSE
	EndGlobalSection
	GlobalSection(MonoDevelopProperties) = preSolution
		StartupItem = Assembly-CSharp.csproj
	EndGlobalSection
EndGlobal
